
Microsoft Visual Studio Solution File, Format Version 12.00
# Visual Studio Version 17
VisualStudioVersion = 17.8.34525.116
MinimumVisualStudioVersion = 10.0.40219.1
Project("{9A19103F-16F7-4668-BE54-9A1E7A4F7556}") = "FlickrViewer", "FlickrViewer\FlickrViewer.csproj", "{6BF26896-07B4-4FBA-BEE6-B82C85C87FB3}"
EndProject
Global
	GlobalSection(SolutionConfigurationPlatforms) = preSolution
		Debug|Any CPU = Debug|Any CPU
		Release|Any CPU = Release|Any CPU
	EndGlobalSection
	GlobalSection(ProjectConfigurationPlatforms) = postSolution
		{6BF26896-07B4-4FBA-BEE6-B82C85C87FB3}.Debug|Any CPU.ActiveCfg = Debug|Any CPU
		{6BF26896-07B4-4FBA-BEE6-B82C85C87FB3}.Debug|Any CPU.Build.0 = Debug|Any CPU
		{6BF26896-07B4-4FBA-BEE6-B82C85C87FB3}.Release|Any CPU.ActiveCfg = Release|Any CPU
		{6BF26896-07B4-4FBA-BEE6-B82C85C87FB3}.Release|Any CPU.Build.0 = Release|Any CPU
	EndGlobalSection
	GlobalSection(SolutionProperties) = preSolution
		HideSolutionNode = FALSE
	EndGlobalSection
	GlobalSection(ExtensibilityGlobals) = postSolution
		SolutionGuid = {889E3AA7-64DA-4B6C-8141-B63D4B0C0F45}
	EndGlobalSection
EndGlobal
